
Microsoft Visual Studio Solution File, Format Version 12.00
Project("{FAE04EC0-301F-11D3-BF4B-00C04F79EFBC}") = "L1BE", "L1BE\L1BE.csproj", "{4D41A1A7-7805-4953-96E9-2F32E994E566}"
EndProject
Global
	GlobalSection(SolutionConfigurationPlatforms) = preSolution
		Debug|Any CPU = Debug|Any CPU
		Release|Any CPU = Release|Any CPU
	EndGlobalSection
	GlobalSection(ProjectConfigurationPlatforms) = postSolution
		{4D41A1A7-7805-4953-96E9-2F32E994E566}.Debug|Any CPU.ActiveCfg = Debug|Any CPU
		{4D41A1A7-7805-4953-96E9-2F32E994E566}.Debug|Any CPU.Build.0 = Debug|Any CPU
		{4D41A1A7-7805-4953-96E9-2F32E994E566}.Release|Any CPU.ActiveCfg = Release|Any CPU
		{4D41A1A7-7805-4953-96E9-2F32E994E566}.Release|Any CPU.Build.0 = Release|Any CPU
	EndGlobalSection
EndGlobal
